
Microsoft Visual Studio Solution File, Format Version 12.00
# Visual Studio Version 17
VisualStudioVersion = 17.0.31903.59
MinimumVisualStudioVersion = 10.0.40219.1
Project("{9A19103F-16F7-4668-BE54-9A1E7A4F7556}") = "Xsl.Transformer", "Xsl.Transformer\Xsl.Transformer.csproj", "{77A62079-36D0-49C4-9655-C20F41B1E191}"
EndProject
Project("{2150E333-8FDC-42A3-9474-1A3956D46DE8}") = "Solution Items", "Solution Items", "{00ECF570-03EF-4B1F-ADCF-746432CA484D}"
	ProjectSection(SolutionItems) = preProject
		.gitignore = .gitignore
		LICENSE = LICENSE
		README.md = README.md
	EndProjectSection
EndProject
Global
	GlobalSection(SolutionConfigurationPlatforms) = preSolution
		Debug|Any CPU = Debug|Any CPU
		Release|Any CPU = Release|Any CPU
	EndGlobalSection
	GlobalSection(ProjectConfigurationPlatforms) = postSolution
		{77A62079-36D0-49C4-9655-C20F41B1E191}.Debug|Any CPU.ActiveCfg = Debug|Any CPU
		{77A62079-36D0-49C4-9655-C20F41B1E191}.Debug|Any CPU.Build.0 = Debug|Any CPU
		{77A62079-36D0-49C4-9655-C20F41B1E191}.Release|Any CPU.ActiveCfg = Release|Any CPU
		{77A62079-36D0-49C4-9655-C20F41B1E191}.Release|Any CPU.Build.0 = Release|Any CPU
	EndGlobalSection
	GlobalSection(SolutionProperties) = preSolution
		HideSolutionNode = FALSE
	EndGlobalSection
	GlobalSection(ExtensibilityGlobals) = postSolution
		SolutionGuid = {664E9771-787E-4C51-AB6B-2931F5547201}
	EndGlobalSection
EndGlobal
